
Microsoft Visual Studio Solution File, Format Version 12.00
# Visual Studio Version 17
VisualStudioVersion = 17.3.32825.248
MinimumVisualStudioVersion = 10.0.40219.1
Project("{9A19103F-16F7-4668-BE54-9A1E7A4F7556}") = "Lab01", "Lab01\Lab01.csproj", "{5C54CAC6-A862-4390-9FB7-FDE23F6748D1}"
EndProject
Project("{9A19103F-16F7-4668-BE54-9A1E7A4F7556}") = "ClassLibrary01", "ClassLibrary01\ClassLibrary01.csproj", "{3E46B646-B2BF-4C87-92AE-25F25B0C5F0D}"
EndProject
Project("{FAE04EC0-301F-11D3-BF4B-00C04F79EFBC}") = "Rectangle.Tests", "Rectangle.Tests\Rectangle.Tests.csproj", "{D84B9187-0A83-4722-A507-FBE951F587B4}"
EndProject
Project("{FAE04EC0-301F-11D3-BF4B-00C04F79EFBC}") = "Figure.Tests", "Figure.Tests\Figure.Tests.csproj", "{9B394E91-E590-44E2-978B-2D76C72CA6A8}"
EndProject
Global
	GlobalSection(SolutionConfigurationPlatforms) = preSolution
		Debug|Any CPU = Debug|Any CPU
		Release|Any CPU = Release|Any CPU
	EndGlobalSection
	GlobalSection(ProjectConfigurationPlatforms) = postSolution
		{5C54CAC6-A862-4390-9FB7-FDE23F6748D1}.Debug|Any CPU.ActiveCfg = Debug|Any CPU
		{5C54CAC6-A862-4390-9FB7-FDE23F6748D1}.Debug|Any CPU.Build.0 = Debug|Any CPU
		{5C54CAC6-A862-4390-9FB7-FDE23F6748D1}.Release|Any CPU.ActiveCfg = Release|Any CPU
		{5C54CAC6-A862-4390-9FB7-FDE23F6748D1}.Release|Any CPU.Build.0 = Release|Any CPU
		{3E46B646-B2BF-4C87-92AE-25F25B0C5F0D}.Debug|Any CPU.ActiveCfg = Debug|Any CPU
		{3E46B646-B2BF-4C87-92AE-25F25B0C5F0D}.Debug|Any CPU.Build.0 = Debug|Any CPU
		{3E46B646-B2BF-4C87-92AE-25F25B0C5F0D}.Release|Any CPU.ActiveCfg = Release|Any CPU
		{3E46B646-B2BF-4C87-92AE-25F25B0C5F0D}.Release|Any CPU.Build.0 = Release|Any CPU
		{D84B9187-0A83-4722-A507-FBE951F587B4}.Debug|Any CPU.ActiveCfg = Debug|Any CPU
		{D84B9187-0A83-4722-A507-FBE951F587B4}.Debug|Any CPU.Build.0 = Debug|Any CPU
		{D84B9187-0A83-4722-A507-FBE951F587B4}.Release|Any CPU.ActiveCfg = Release|Any CPU
		{D84B9187-0A83-4722-A507-FBE951F587B4}.Release|Any CPU.Build.0 = Release|Any CPU
		{9B394E91-E590-44E2-978B-2D76C72CA6A8}.Debug|Any CPU.ActiveCfg = Debug|Any CPU
		{9B394E91-E590-44E2-978B-2D76C72CA6A8}.Debug|Any CPU.Build.0 = Debug|Any CPU
		{9B394E91-E590-44E2-978B-2D76C72CA6A8}.Release|Any CPU.ActiveCfg = Release|Any CPU
		{9B394E91-E590-44E2-978B-2D76C72CA6A8}.Release|Any CPU.Build.0 = Release|Any CPU
	EndGlobalSection
	GlobalSection(SolutionProperties) = preSolution
		HideSolutionNode = FALSE
	EndGlobalSection
	GlobalSection(ExtensibilityGlobals) = postSolution
		SolutionGuid = {0CFC8904-B92C-49DA-A88D-A0A59F9AA3C3}
	EndGlobalSection
EndGlobal
